
Microsoft Visual Studio Solution File, Format Version 12.00
# Visual Studio Version 17
VisualStudioVersion = 17.5.002.0
MinimumVisualStudioVersion = 10.0.40219.1
Project("{9A19103F-16F7-4668-BE54-9A1E7A4F7556}") = "EmirhanBlog", "EmirhanBlog.csproj", "{733C5496-D394-41B5-985C-E302FB537F01}"
EndProject
Global
	GlobalSection(SolutionConfigurationPlatforms) = preSolution
		Debug|Any CPU = Debug|Any CPU
		Release|Any CPU = Release|Any CPU
	EndGlobalSection
	GlobalSection(ProjectConfigurationPlatforms) = postSolution
		{733C5496-D394-41B5-985C-E302FB537F01}.Debug|Any CPU.ActiveCfg = Debug|Any CPU
		{733C5496-D394-41B5-985C-E302FB537F01}.Debug|Any CPU.Build.0 = Debug|Any CPU
		{733C5496-D394-41B5-985C-E302FB537F01}.Release|Any CPU.ActiveCfg = Release|Any CPU
		{733C5496-D394-41B5-985C-E302FB537F01}.Release|Any CPU.Build.0 = Release|Any CPU
	EndGlobalSection
	GlobalSection(SolutionProperties) = preSolution
		HideSolutionNode = FALSE
	EndGlobalSection
	GlobalSection(ExtensibilityGlobals) = postSolution
		SolutionGuid = {6B3900B7-0F11-4BE6-BB4A-148D77B76829}
	EndGlobalSection
EndGlobal
